github.com/otiai10/copy v1.11.0 h1:OKBD80J/mLBrwnzXqGtFCzprFSGioo30JcmR4APsNwc=
github.com/otiai10/copy v1.11.0/go.mod h1:rSaLseMUsZFFbsFGc7wCJnnkTAvdc5L6VWxPE4308Ww=
github.com/otiai10/mint v1.5.1 h1:XaPLeE+9vGbuyEHem1JNk3bYc7KKqyI/na0/mLd/Kks=
golang.org/x/exp v0.0.0-20230728194245-b0cb94b80691 h1:/yRP+0AN7mf5DkD3BAI6TOFnd51gEoDEb8o35jIFtgw=
golang.org/x/exp v0.0.0-20230728194245-b0cb94b80691/go.mod h1:FXUEEKJgO7OQYeo8N01OfiKP8RXMtf6e8aTskBGqWdc=
golang.org/x/mod v0.11.0 h1:bUO06HqtnRcc/7l71XBe4WcqTZ+3AH1J59zWDDwLKgU=
golang.org/x/mod v0.11.0/go.mod h1:iBbtSCu2XBx23ZKBPSOrRkjjQPZFPuis4dIYUhu/chs=
golang.org/x/sys v0.1.0 h1:kunALQeHf1/185U1i0GOB/fy1IPRDDpuoOOqRReG57U=
golang.org/x/sys v0.1.0/go.mod h1:oPkhp1MJrh7nUepCBck5+mAzfO9JrbApNNgaTdGDITg=
